
Microsoft Visual Studio Solution File, Format Version 12.00
# Visual Studio Version 16
VisualStudioVersion = 16.0.29519.181
MinimumVisualStudioVersion = 10.0.40219.1
Project("{FAE04EC0-301F-11D3-BF4B-00C04F79EFBC}") = "Programowanie_urządzeń_mobilnych_lab.Android", "Programowanie_urządzeń_mobilnych_lab\Programowanie_urządzeń_mobilnych_lab.Android\Programowanie_urządzeń_mobilnych_lab.Android.csproj", "{B93F2B3D-47B6-494C-BB32-E7B367876AD2}"
EndProject
Project("{FAE04EC0-301F-11D3-BF4B-00C04F79EFBC}") = "Programowanie_urządzeń_mobilnych_lab", "Programowanie_urządzeń_mobilnych_lab\Programowanie_urządzeń_mobilnych_lab\Programowanie_urządzeń_mobilnych_lab.csproj", "{43ED8315-E0AB-4DB0-859A-1C70A5902D8F}"
EndProject
Global
	GlobalSection(SolutionConfigurationPlatforms) = preSolution
		Debug|Any CPU = Debug|Any CPU
		Release|Any CPU = Release|Any CPU
	EndGlobalSection
	GlobalSection(ProjectConfigurationPlatforms) = postSolution
		{B93F2B3D-47B6-494C-BB32-E7B367876AD2}.Debug|Any CPU.ActiveCfg = Debug|Any CPU
		{B93F2B3D-47B6-494C-BB32-E7B367876AD2}.Debug|Any CPU.Build.0 = Debug|Any CPU
		{B93F2B3D-47B6-494C-BB32-E7B367876AD2}.Debug|Any CPU.Deploy.0 = Debug|Any CPU
		{B93F2B3D-47B6-494C-BB32-E7B367876AD2}.Release|Any CPU.ActiveCfg = Release|Any CPU
		{B93F2B3D-47B6-494C-BB32-E7B367876AD2}.Release|Any CPU.Build.0 = Release|Any CPU
		{B93F2B3D-47B6-494C-BB32-E7B367876AD2}.Release|Any CPU.Deploy.0 = Release|Any CPU
		{43ED8315-E0AB-4DB0-859A-1C70A5902D8F}.Debug|Any CPU.ActiveCfg = Debug|Any CPU
		{43ED8315-E0AB-4DB0-859A-1C70A5902D8F}.Debug|Any CPU.Build.0 = Debug|Any CPU
		{43ED8315-E0AB-4DB0-859A-1C70A5902D8F}.Release|Any CPU.ActiveCfg = Release|Any CPU
		{43ED8315-E0AB-4DB0-859A-1C70A5902D8F}.Release|Any CPU.Build.0 = Release|Any CPU
	EndGlobalSection
	GlobalSection(SolutionProperties) = preSolution
		HideSolutionNode = FALSE
	EndGlobalSection
	GlobalSection(ExtensibilityGlobals) = postSolution
		SolutionGuid = {29927531-880D-4A0D-9494-51923B965BF5}
	EndGlobalSection
EndGlobal
